{
  "version": 4,
  "terraform_version": "1.11.4",
  "serial": 10,
  "lineage": "96140275-f2d5-fadb-52ea-932ab7581476",
  "outputs": {},
  "resources": [
    {
      "mode": "managed",
      "type": "aws_instance",
      "name": "meryemoruc_server",
      "provider": "provider[\"registry.terraform.io/hashicorp/aws\"]",
      "instances": [
        {
          "schema_version": 1,
          "attributes": {
            "ami": "ami-001d2bd2c56ea8fa4",
            "arn": "arn:aws:ec2:eu-west-1:418272754893:instance/i-0600ecff5669f91d3",
            "associate_public_ip_address": true,
            "availability_zone": "eu-west-1a",
            "capacity_reservation_specification": [
              {
                "capacity_reservation_preference": "open",
                "capacity_reservation_target": []
              }
            ],
            "cpu_core_count": 1,
            "cpu_options": [
              {
                "amd_sev_snp": "",
                "core_count": 1,
                "threads_per_core": 1
              }
            ],
            "cpu_threads_per_core": 1,
            "credit_specification": [
              {
                "cpu_credits": "standard"
              }
            ],
            "disable_api_stop": false,
            "disable_api_termination": false,
            "ebs_block_device": [],
            "ebs_optimized": false,
            "enable_primary_ipv6": null,
            "enclave_options": [
              {
                "enabled": false
              }
            ],
            "ephemeral_block_device": [],
            "get_password_data": false,
            "hibernation": false,
            "host_id": "",
            "host_resource_group_arn": null,
            "iam_instance_profile": "",
            "id": "i-0600ecff5669f91d3",
            "instance_initiated_shutdown_behavior": "stop",
            "instance_lifecycle": "",
            "instance_market_options": [],
            "instance_state": "running",
            "instance_type": "t2.micro",
            "ipv6_address_count": 0,
            "ipv6_addresses": [],
            "key_name": "meryemoruc-key",
            "launch_template": [],
            "maintenance_options": [
              {
                "auto_recovery": "default"
              }
            ],
            "metadata_options": [
              {
                "http_endpoint": "enabled",
                "http_protocol_ipv6": "disabled",
                "http_put_response_hop_limit": 2,
                "http_tokens": "required",
                "instance_metadata_tags": "disabled"
              }
            ],
            "monitoring": false,
            "network_interface": [],
            "outpost_arn": "",
            "password_data": "",
            "placement_group": "",
            "placement_partition_number": 0,
            "primary_network_interface_id": "eni-0f5312e5614c93b01",
            "private_dns": "ip-172-31-39-226.eu-west-1.compute.internal",
            "private_dns_name_options": [
              {
                "enable_resource_name_dns_a_record": false,
                "enable_resource_name_dns_aaaa_record": false,
                "hostname_type": "ip-name"
              }
            ],
            "private_ip": "172.31.39.226",
            "public_dns": "ec2-54-247-195-84.eu-west-1.compute.amazonaws.com",
            "public_ip": "54.247.195.84",
            "root_block_device": [
              {
                "delete_on_termination": true,
                "device_name": "/dev/xvda",
                "encrypted": false,
                "iops": 3000,
                "kms_key_id": "",
                "tags": {},
                "tags_all": {},
                "throughput": 125,
                "volume_id": "vol-06415e3ee2b435525",
                "volume_size": 30,
                "volume_type": "gp3"
              }
            ],
            "secondary_private_ips": [],
            "security_groups": [
              "default"
            ],
            "source_dest_check": true,
            "spot_instance_request_id": "",
            "subnet_id": "subnet-0b7fc34685b301575",
            "tags": null,
            "tags_all": {},
            "tenancy": "default",
            "timeouts": null,
            "user_data": null,
            "user_data_base64": null,
            "user_data_replace_on_change": false,
            "volume_tags": null,
            "vpc_security_group_ids": [
              "sg-0630dae34d39fa2f4"
            ]
          },
          "sensitive_attributes": [],
          "private": "eyJlMmJmYjczMC1lY2FhLTExZTYtOGY4OC0zNDM2M2JjN2M0YzAiOnsiY3JlYXRlIjo2MDAwMDAwMDAwMDAsImRlbGV0ZSI6MTIwMDAwMDAwMDAwMCwicmVhZCI6OTAwMDAwMDAwMDAwLCJ1cGRhdGUiOjYwMDAwMDAwMDAwMH0sInNjaGVtYV92ZXJzaW9uIjoiMSJ9",
          "dependencies": [
            "aws_key_pair.meryemoruc_key"
          ]
        }
      ]
    },
    {
      "mode": "managed",
      "type": "aws_key_pair",
      "name": "meryemoruc_key",
      "provider": "provider[\"registry.terraform.io/hashicorp/aws\"]",
      "instances": [
        {
          "schema_version": 1,
          "attributes": {
            "arn": "arn:aws:ec2:eu-west-1:418272754893:key-pair/meryemoruc-key",
            "fingerprint": "4e:c3:4a:de:78:82:fa:10:4e:46:b6:d1:07:6a:96:6d",
            "id": "meryemoruc-key",
            "key_name": "meryemoruc-key",
            "key_name_prefix": "",
            "key_pair_id": "key-0bf1e5637d67e30e4",
            "key_type": "rsa",
            "public_key": "ssh-rsa AAAAB3NzaC1yc2EAAAADAQABAAACAQDDa7HX+5mIwfYSiAMZrFz2nWJgR8x6jQRe8scpPN3NEwZhu7gIvkpmyu8oU83Q1MHyn8HyP51NaHcIURdELVg3nRslxDD3qjDsTpAf5wgsNckvetnfeHWrhjMUiIcDOSqlESJy/dSxdkAj2NNww3r5BrQaOuTAwOMeiCNVVrjjoMbfMsZdEPsLMgg3bfWTXUFlycvUCqu4UoNe4umekeiLzb4SIS9Ott198E4jQt9fTWHSh30aAnfDlf2CY5kE5hbCkcjZCie2DxNbxQZ3PHrvYs5gka08eA0a08vYAPJAzL8guAo56RV25Ez91smxLVQLx2HJZ80YHDPzz4Ne4HEmOouVSiA8cGMD0SIDIwGw4Aie7WfKeqKjt3KeegSD+a+DrpPOFYVjMAvg2GYnqTaI5yCT+Jw22u6EH4IFnl2ZnAh6TNATd1s2cJJXVZiklgkf8Wp0hOFX3erSs2qUseSGt72BqtM3eoAwasDBiNuacAqxApAJUMJflf2q9InunLPWlfIipRY/BEW9H7XcFcWvM2ZWTkqSygWQ4zBoktS83cBEhgLQd7JAQHg4+GerGRafnG/sDWMQEGDAGT73KCcTr4hMx2DiO3rcLmzJc6hZlRE+FzGpwXVqKhhp+vn/3mlQupArotf/2nN90J1pk5AbqQOx6Sqr+mZadZ9tGuACSw== meryemoruc@meryemoruc",
            "tags": {},
            "tags_all": {}
          },
          "sensitive_attributes": [],
          "private": "eyJzY2hlbWFfdmVyc2lvbiI6IjEifQ=="
        }
      ]
    }
  ],
  "check_results": null
}
